
Microsoft Visual Studio Solution File, Format Version 12.00
# Visual Studio Version 16
VisualStudioVersion = 16.0.29001.49
MinimumVisualStudioVersion = 10.0.40219.1
Project("{FAE04EC0-301F-11D3-BF4B-00C04F79EFBC}") = "Sudoku", "Sudoku.csproj", "{C6D8D1C7-D14B-4988-B20C-71B0528B442F}"
EndProject
Global
	GlobalSection(SolutionConfigurationPlatforms) = preSolution
		Debug|Any CPU = Debug|Any CPU
		Release|Any CPU = Release|Any CPU
	EndGlobalSection
	GlobalSection(ProjectConfigurationPlatforms) = postSolution
		{C6D8D1C7-D14B-4988-B20C-71B0528B442F}.Debug|Any CPU.ActiveCfg = Debug|Any CPU
		{C6D8D1C7-D14B-4988-B20C-71B0528B442F}.Debug|Any CPU.Build.0 = Debug|Any CPU
		{C6D8D1C7-D14B-4988-B20C-71B0528B442F}.Release|Any CPU.ActiveCfg = Release|Any CPU
		{C6D8D1C7-D14B-4988-B20C-71B0528B442F}.Release|Any CPU.Build.0 = Release|Any CPU
	EndGlobalSection
	GlobalSection(SolutionProperties) = preSolution
		HideSolutionNode = FALSE
	EndGlobalSection
	GlobalSection(ExtensibilityGlobals) = postSolution
		SolutionGuid = {F9FA9839-A252-4513-924C-7D3029126B08}
	EndGlobalSection
EndGlobal
